// !$*UTF8*$!
{
	archiveVersion = 1;
	classes = {
	};
	objectVersion = 51;
	objects = {

/* Begin PBXBuildFile section */
		DDD94A29247E3E71003C1D4D /* AppDelegate.swift in Sources */ = {isa = PBXBuildFile; fileRef = DDD94A28247E3E71003C1D4D /* AppDelegate.swift */; };
		DDD94A2B247E3E71003C1D4D /* SceneDelegate.swift in Sources */ = {isa = PBXBuildFile; fileRef = DDD94A2A247E3E71003C1D4D /* SceneDelegate.swift */; };
		DDD94A2D247E3E71003C1D4D /* ViewController.swift in Sources */ = {isa = PBXBuildFile; fileRef = DDD94A2C247E3E71003C1D4D /* ViewController.swift */; };
		DDD94A30247E3E71003C1D4D /* Main.storyboard in Resources */ = {isa = PBXBuildFile; fileRef = DDD94A2E247E3E71003C1D4D /* Main.storyboard */; };
		DDD94A32247E3E74003C1D4D /* Assets.xcassets in Resources */ = {isa = PBXBuildFile; fileRef = DDD94A31247E3E74003C1D4D /* Assets.xcassets */; };
		DDD94A35247E3E74003C1D4D /* LaunchScreen.storyboard in Resources */ = {isa = PBXBuildFile; fileRef = DDD94A33247E3E74003C1D4D /* LaunchScreen.storyboard */; };
		DDD94A3D247F5186003C1D4D /* NotesViewController.swift in Sources */ = {isa = PBXBuildFile; fileRef = DDD94A3C247F5186003C1D4D /* NotesViewController.swift */; };
		DDD94A3F2480D6ED003C1D4D /* Theme.swift in Sources */ = {isa = PBXBuildFile; fileRef = DDD94A3E2480D6ED003C1D4D /* Theme.swift */; };
		DDD94A412486AFFB003C1D4D /* NoteDetailController.swift in Sources */ = {isa = PBXBuildFile; fileRef = DDD94A402486AFFB003C1D4D /* NoteDetailController.swift */; };
		DDD94A43248A32D6003C1D4D /* Note.swift in Sources */ = {isa = PBXBuildFile; fileRef = DDD94A42248A32D6003C1D4D /* Note.swift */; };
		DDD94A46248BC700003C1D4D /* NoteDataSource.swift in Sources */ = {isa = PBXBuildFile; fileRef = DDD94A45248BC700003C1D4D /* NoteDataSource.swift */; };
		DDD94A48248BC72F003C1D4D /* DataSource.swift in Sources */ = {isa = PBXBuildFile; fileRef = DDD94A47248BC72F003C1D4D /* DataSource.swift */; };
		DDD94A4A248BCC2E003C1D4D /* Writable.swift in Sources */ = {isa = PBXBuildFile; fileRef = DDD94A49248BCC2E003C1D4D /* Writable.swift */; };
		DDD94A4C248BDA02003C1D4D /* NoteTableCell.swift in Sources */ = {isa = PBXBuildFile; fileRef = DDD94A4B248BDA02003C1D4D /* NoteTableCell.swift */; };
		DDD94A50248BE670003C1D4D /* RealmNote.swift in Sources */ = {isa = PBXBuildFile; fileRef = DDD94A4F248BE670003C1D4D /* RealmNote.swift */; };
		DDD94A52248BEA59003C1D4D /* truncate.swift in Sources */ = {isa = PBXBuildFile; fileRef = DDD94A51248BEA59003C1D4D /* truncate.swift */; };
		E51010C45E9C47875F9C2D23 /* Pods_RealmNote.framework in Frameworks */ = {isa = PBXBuildFile; fileRef = AA91BEBFE92377B72A9FA602 /* Pods_RealmNote.framework */; };
/* End PBXBuildFile section */

/* Begin PBXFileReference section */
		5F2E85A3AAE9B80178AB39C6 /* Pods-RealmNote.debug.xcconfig */ = {isa = PBXFileReference; includeInIndex = 1; lastKnownFileType = text.xcconfig; name = "Pods-RealmNote.debug.xcconfig"; path = "Target Support Files/Pods-RealmNote/Pods-RealmNote.debug.xcconfig"; sourceTree = "<group>"; };
		AA91BEBFE92377B72A9FA602 /* Pods_RealmNote.framework */ = {isa = PBXFileReference; explicitFileType = wrapper.framework; includeInIndex = 0; path = Pods_RealmNote.framework; sourceTree = BUILT_PRODUCTS_DIR; };
		B2074C06358B83363041859B /* Pods-RealmNote.release.xcconfig */ = {isa = PBXFileReference; includeInIndex = 1; lastKnownFileType = text.xcconfig; name = "Pods-RealmNote.release.xcconfig"; path = "Target Support Files/Pods-RealmNote/Pods-RealmNote.release.xcconfig"; sourceTree = "<group>"; };
		DDD94A25247E3E71003C1D4D /* RealmNote.app */ = {isa = PBXFileReference; explicitFileType = wrapper.application; includeInIndex = 0; path = RealmNote.app; sourceTree = BUILT_PRODUCTS_DIR; };
		DDD94A28247E3E71003C1D4D /* AppDelegate.swift */ = {isa = PBXFileReference; lastKnownFileType = sourcecode.swift; path = AppDelegate.swift; sourceTree = "<group>"; };
		DDD94A2A247E3E71003C1D4D /* SceneDelegate.swift */ = {isa = PBXFileReference; lastKnownFileType = sourcecode.swift; path = SceneDelegate.swift; sourceTree = "<group>"; };
		DDD94A2C247E3E71003C1D4D /* ViewController.swift */ = {isa = PBXFileReference; lastKnownFileType = sourcecode.swift; path = ViewController.swift; sourceTree = "<group>"; };
		DDD94A2F247E3E71003C1D4D /* Base */ = {isa = PBXFileReference; lastKnownFileType = file.storyboard; name = Base; path = Base.lproj/Main.storyboard; sourceTree = "<group>"; };
		DDD94A31247E3E74003C1D4D /* Assets.xcassets */ = {isa = PBXFileReference; lastKnownFileType = folder.assetcatalog; path = Assets.xcassets; sourceTree = "<group>"; };
		DDD94A34247E3E74003C1D4D /* Base */ = {isa = PBXFileReference; lastKnownFileType = file.storyboard; name = Base; path = Base.lproj/LaunchScreen.storyboard; sourceTree = "<group>"; };
		DDD94A36247E3E74003C1D4D /* Info.plist */ = {isa = PBXFileReference; lastKnownFileType = text.plist.xml; path = Info.plist; sourceTree = "<group>"; };
		DDD94A3C247F5186003C1D4D /* NotesViewController.swift */ = {isa = PBXFileReference; lastKnownFileType = sourcecode.swift; path = NotesViewController.swift; sourceTree = "<group>"; };
		DDD94A3E2480D6ED003C1D4D /* Theme.swift */ = {isa = PBXFileReference; lastKnownFileType = sourcecode.swift; path = Theme.swift; sourceTree = "<group>"; };
		DDD94A402486AFFB003C1D4D /* NoteDetailController.swift */ = {isa = PBXFileReference; lastKnownFileType = sourcecode.swift; path = NoteDetailController.swift; sourceTree = "<group>"; };
		DDD94A42248A32D6003C1D4D /* Note.swift */ = {isa = PBXFileReference; lastKnownFileType = sourcecode.swift; path = Note.swift; sourceTree = "<group>"; };
		DDD94A45248BC700003C1D4D /* NoteDataSource.swift */ = {isa = PBXFileReference; lastKnownFileType = sourcecode.swift; path = NoteDataSource.swift; sourceTree = "<group>"; };
		DDD94A47248BC72F003C1D4D /* DataSource.swift */ = {isa = PBXFileReference; lastKnownFileType = sourcecode.swift; path = DataSource.swift; sourceTree = "<group>"; };
		DDD94A49248BCC2E003C1D4D /* Writable.swift */ = {isa = PBXFileReference; lastKnownFileType = sourcecode.swift; path = Writable.swift; sourceTree = "<group>"; };
		DDD94A4B248BDA02003C1D4D /* NoteTableCell.swift */ = {isa = PBXFileReference; lastKnownFileType = sourcecode.swift; path = NoteTableCell.swift; sourceTree = "<group>"; };
		DDD94A4F248BE670003C1D4D /* RealmNote.swift */ = {isa = PBXFileReference; lastKnownFileType = sourcecode.swift; path = RealmNote.swift; sourceTree = "<group>"; };
		DDD94A51248BEA59003C1D4D /* truncate.swift */ = {isa = PBXFileReference; lastKnownFileType = sourcecode.swift; path = truncate.swift; sourceTree = "<group>"; };
/* End PBXFileReference section */

/* Begin PBXFrameworksBuildPhase section */
		DDD94A22247E3E71003C1D4D /* Frameworks */ = {
			isa = PBXFrameworksBuildPhase;
			buildActionMask = 2147483647;
			files = (
				E51010C45E9C47875F9C2D23 /* Pods_RealmNote.framework in Frameworks */,
			);
			runOnlyForDeploymentPostprocessing = 0;
		};
/* End PBXFrameworksBuildPhase section */

/* Begin PBXGroup section */
		58DA68228A21E37502761329 /* Pods */ = {
			isa = PBXGroup;
			children = (
				5F2E85A3AAE9B80178AB39C6 /* Pods-RealmNote.debug.xcconfig */,
				B2074C06358B83363041859B /* Pods-RealmNote.release.xcconfig */,
			);
			path = Pods;
			sourceTree = "<group>";
		};
		805F28AAFE7FB30234D77989 /* Frameworks */ = {
			isa = PBXGroup;
			children = (
				AA91BEBFE92377B72A9FA602 /* Pods_RealmNote.framework */,
			);
			name = Frameworks;
			sourceTree = "<group>";
		};
		DDD94A1C247E3E71003C1D4D = {
			isa = PBXGroup;
			children = (
				DDD94A27247E3E71003C1D4D /* RealmNote */,
				DDD94A26247E3E71003C1D4D /* Products */,
				58DA68228A21E37502761329 /* Pods */,
				805F28AAFE7FB30234D77989 /* Frameworks */,
			);
			sourceTree = "<group>";
		};
		DDD94A26247E3E71003C1D4D /* Products */ = {
			isa = PBXGroup;
			children = (
				DDD94A25247E3E71003C1D4D /* RealmNote.app */,
			);
			name = Products;
			sourceTree = "<group>";
		};
		DDD94A27247E3E71003C1D4D /* RealmNote */ = {
			isa = PBXGroup;
			children = (
				DDD94A4E248BDADD003C1D4D /* Controller */,
				DDD94A4D248BDA1A003C1D4D /* View */,
				DDD94A44248BC6DB003C1D4D /* Model */,
				DDD94A28247E3E71003C1D4D /* AppDelegate.swift */,
				DDD94A2A247E3E71003C1D4D /* SceneDelegate.swift */,
				DDD94A2C247E3E71003C1D4D /* ViewController.swift */,
				DDD94A2E247E3E71003C1D4D /* Main.storyboard */,
				DDD94A31247E3E74003C1D4D /* Assets.xcassets */,
				DDD94A33247E3E74003C1D4D /* LaunchScreen.storyboard */,
				DDD94A36247E3E74003C1D4D /* Info.plist */,
				DDD94A3E2480D6ED003C1D4D /* Theme.swift */,
				DDD94A51248BEA59003C1D4D /* truncate.swift */,
			);
			path = RealmNote;
			sourceTree = "<group>";
		};
		DDD94A44248BC6DB003C1D4D /* Model */ = {
			isa = PBXGroup;
			children = (
				DDD94A42248A32D6003C1D4D /* Note.swift */,
				DDD94A49248BCC2E003C1D4D /* Writable.swift */,
				DDD94A45248BC700003C1D4D /* NoteDataSource.swift */,
				DDD94A47248BC72F003C1D4D /* DataSource.swift */,
				DDD94A4F248BE670003C1D4D /* RealmNote.swift */,
			);
			path = Model;
			sourceTree = "<group>";
		};
		DDD94A4D248BDA1A003C1D4D /* View */ = {
			isa = PBXGroup;
			children = (
				DDD94A4B248BDA02003C1D4D /* NoteTableCell.swift */,
			);
			path = View;
			sourceTree = "<group>";
		};
		DDD94A4E248BDADD003C1D4D /* Controller */ = {
			isa = PBXGroup;
			children = (
				DDD94A402486AFFB003C1D4D /* NoteDetailController.swift */,
				DDD94A3C247F5186003C1D4D /* NotesViewController.swift */,
			);
			path = Controller;
			sourceTree = "<group>";
		};
/* End PBXGroup section */

/* Begin PBXNativeTarget section */
		DDD94A24247E3E71003C1D4D /* RealmNote */ = {
			isa = PBXNativeTarget;
			buildConfigurationList = DDD94A39247E3E74003C1D4D /* Build configuration list for PBXNativeTarget "RealmNote" */;
			buildPhases = (
				1C2850EED8B1F364050A5413 /* [CP] Check Pods Manifest.lock */,
				DDD94A21247E3E71003C1D4D /* Sources */,
				DDD94A22247E3E71003C1D4D /* Frameworks */,
				DDD94A23247E3E71003C1D4D /* Resources */,
				F46931DEFDBDBB2326B08D72 /* [CP] Embed Pods Frameworks */,
			);
			buildRules = (
			);
			dependencies = (
			);
			name = RealmNote;
			productName = RealmNote;
			productReference = DDD94A25247E3E71003C1D4D /* RealmNote.app */;
			productType = "com.apple.product-type.application";
		};
/* End PBXNativeTarget section */

/* Begin PBXProject section */
		DDD94A1D247E3E71003C1D4D /* Project object */ = {
			isa = PBXProject;
			attributes = {
				LastSwiftUpdateCheck = 1150;
				LastUpgradeCheck = 1150;
				ORGANIZATIONNAME = "Jiwoo Ban";
				TargetAttributes = {
					DDD94A24247E3E71003C1D4D = {
						CreatedOnToolsVersion = 11.5;
					};
				};
			};
			buildConfigurationList = DDD94A20247E3E71003C1D4D /* Build configuration list for PBXProject "RealmNote" */;
			compatibilityVersion = "Xcode 9.3";
			developmentRegion = en;
			hasScannedForEncodings = 0;
			knownRegions = (
				en,
				Base,
			);
			mainGroup = DDD94A1C247E3E71003C1D4D;
			productRefGroup = DDD94A26247E3E71003C1D4D /* Products */;
			projectDirPath = "";
			projectRoot = "";
			targets = (
				DDD94A24247E3E71003C1D4D /* RealmNote */,
			);
		};
/* End PBXProject section */

/* Begin PBXResourcesBuildPhase section */
		DDD94A23247E3E71003C1D4D /* Resources */ = {
			isa = PBXResourcesBuildPhase;
			buildActionMask = 2147483647;
			files = (
				DDD94A35247E3E74003C1D4D /* LaunchScreen.storyboard in Resources */,
				DDD94A32247E3E74003C1D4D /* Assets.xcassets in Resources */,
				DDD94A30247E3E71003C1D4D /* Main.storyboard in Resources */,
			);
			runOnlyForDeploymentPostprocessing = 0;
		};
/* End PBXResourcesBuildPhase section */

/* Begin PBXShellScriptBuildPhase section */
		1C2850EED8B1F364050A5413 /* [CP] Check Pods Manifest.lock */ = {
			isa = PBXShellScriptBuildPhase;
			buildActionMask = 2147483647;
			files = (
			);
			inputFileListPaths = (
			);
			inputPaths = (
				"${PODS_PODFILE_DIR_PATH}/Podfile.lock",
				"${PODS_ROOT}/Manifest.lock",
			);
			name = "[CP] Check Pods Manifest.lock";
			outputFileListPaths = (
			);
			outputPaths = (
				"$(DERIVED_FILE_DIR)/Pods-RealmNote-checkManifestLockResult.txt",
			);
			runOnlyForDeploymentPostprocessing = 0;
			shellPath = /bin/sh;
			shellScript = "diff \"${PODS_PODFILE_DIR_PATH}/Podfile.lock\" \"${PODS_ROOT}/Manifest.lock\" > /dev/null\nif [ $? != 0 ] ; then\n    # print error to STDERR\n    echo \"error: The sandbox is not in sync with the Podfile.lock. Run 'pod install' or update your CocoaPods installation.\" >&2\n    exit 1\nfi\n# This output is used by Xcode 'outputs' to avoid re-running this script phase.\necho \"SUCCESS\" > \"${SCRIPT_OUTPUT_FILE_0}\"\n";
			showEnvVarsInLog = 0;
		};
		F46931DEFDBDBB2326B08D72 /* [CP] Embed Pods Frameworks */ = {
			isa = PBXShellScriptBuildPhase;
			buildActionMask = 2147483647;
			files = (
			);
			inputFileListPaths = (
				"${PODS_ROOT}/Target Support Files/Pods-RealmNote/Pods-RealmNote-frameworks-${CONFIGURATION}-input-files.xcfilelist",
			);
			name = "[CP] Embed Pods Frameworks";
			outputFileListPaths = (
				"${PODS_ROOT}/Target Support Files/Pods-RealmNote/Pods-RealmNote-frameworks-${CONFIGURATION}-output-files.xcfilelist",
			);
			runOnlyForDeploymentPostprocessing = 0;
			shellPath = /bin/sh;
			shellScript = "\"${PODS_ROOT}/Target Support Files/Pods-RealmNote/Pods-RealmNote-frameworks.sh\"\n";
			showEnvVarsInLog = 0;
		};
/* End PBXShellScriptBuildPhase section */

/* Begin PBXSourcesBuildPhase section */
		DDD94A21247E3E71003C1D4D /* Sources */ = {
			isa = PBXSourcesBuildPhase;
			buildActionMask = 2147483647;
			files = (
				DDD94A46248BC700003C1D4D /* NoteDataSource.swift in Sources */,
				DDD94A3D247F5186003C1D4D /* NotesViewController.swift in Sources */,
				DDD94A2D247E3E71003C1D4D /* ViewController.swift in Sources */,
				DDD94A4A248BCC2E003C1D4D /* Writable.swift in Sources */,
				DDD94A48248BC72F003C1D4D /* DataSource.swift in Sources */,
				DDD94A50248BE670003C1D4D /* RealmNote.swift in Sources */,
				DDD94A52248BEA59003C1D4D /* truncate.swift in Sources */,
				DDD94A43248A32D6003C1D4D /* Note.swift in Sources */,
				DDD94A4C248BDA02003C1D4D /* NoteTableCell.swift in Sources */,
				DDD94A3F2480D6ED003C1D4D /* Theme.swift in Sources */,
				DDD94A29247E3E71003C1D4D /* AppDelegate.swift in Sources */,
				DDD94A412486AFFB003C1D4D /* NoteDetailController.swift in Sources */,
				DDD94A2B247E3E71003C1D4D /* SceneDelegate.swift in Sources */,
			);
			runOnlyForDeploymentPostprocessing = 0;
		};
/* End PBXSourcesBuildPhase section */

/* Begin PBXVariantGroup section */
		DDD94A2E247E3E71003C1D4D /* Main.storyboard */ = {
			isa = PBXVariantGroup;
			children = (
				DDD94A2F247E3E71003C1D4D /* Base */,
			);
			name = Main.storyboard;
			sourceTree = "<group>";
		};
		DDD94A33247E3E74003C1D4D /* LaunchScreen.storyboard */ = {
			isa = PBXVariantGroup;
			children = (
				DDD94A34247E3E74003C1D4D /* Base */,
			);
			name = LaunchScreen.storyboard;
			sourceTree = "<group>";
		};
/* End PBXVariantGroup section */

/* Begin XCBuildConfiguration section */
		DDD94A37247E3E74003C1D4D /* Debug */ = {
			isa = XCBuildConfiguration;
			buildSettings = {
				ALWAYS_SEARCH_USER_PATHS = NO;
				CLANG_ANALYZER_NONNULL = YES;
				CLANG_ANALYZER_NUMBER_OBJECT_CONVERSION = YES_AGGRESSIVE;
				CLANG_CXX_LANGUAGE_STANDARD = "gnu++14";
				CLANG_CXX_LIBRARY = "libc++";
				CLANG_ENABLE_MODULES = YES;
				CLANG_ENABLE_OBJC_ARC = YES;
				CLANG_ENABLE_OBJC_WEAK = YES;
				CLANG_WARN_BLOCK_CAPTURE_AUTORELEASING = YES;
				CLANG_WARN_BOOL_CONVERSION = YES;
				CLANG_WARN_COMMA = YES;
				CLANG_WARN_CONSTANT_CONVERSION = YES;
				CLANG_WARN_DEPRECATED_OBJC_IMPLEMENTATIONS = YES;
				CLANG_WARN_DIRECT_OBJC_ISA_USAGE = YES_ERROR;
				CLANG_WARN_DOCUMENTATION_COMMENTS = YES;
				CLANG_WARN_EMPTY_BODY = YES;
				CLANG_WARN_ENUM_CONVERSION = YES;
				CLANG_WARN_INFINITE_RECURSION = YES;
				CLANG_WARN_INT_CONVERSION = YES;
				CLANG_WARN_NON_LITERAL_NULL_CONVERSION = YES;
				CLANG_WARN_OBJC_IMPLICIT_RETAIN_SELF = YES;
				CLANG_WARN_OBJC_LITERAL_CONVERSION = YES;
				CLANG_WARN_OBJC_ROOT_CLASS = YES_ERROR;
				CLANG_WARN_RANGE_LOOP_ANALYSIS = YES;
				CLANG_WARN_STRICT_PROTOTYPES = YES;
				CLANG_WARN_SUSPICIOUS_MOVE = YES;
				CLANG_WARN_UNGUARDED_AVAILABILITY = YES_AGGRESSIVE;
				CLANG_WARN_UNREACHABLE_CODE = YES;
				CLANG_WARN__DUPLICATE_METHOD_MATCH = YES;
				COPY_PHASE_STRIP = NO;
				DEBUG_INFORMATION_FORMAT = dwarf;
				ENABLE_STRICT_OBJC_MSGSEND = YES;
				ENABLE_TESTABILITY = YES;
				GCC_C_LANGUAGE_STANDARD = gnu11;
				GCC_DYNAMIC_NO_PIC = NO;
				GCC_NO_COMMON_BLOCKS = YES;
				GCC_OPTIMIZATION_LEVEL = 0;
				GCC_PREPROCESSOR_DEFINITIONS = (
					"DEBUG=1",
					"$(inherited)",
				);
				GCC_WARN_64_TO_32_BIT_CONVERSION = YES;
				GCC_WARN_ABOUT_RETURN_TYPE = YES_ERROR;
				GCC_WARN_UNDECLARED_SELECTOR = YES;
				GCC_WARN_UNINITIALIZED_AUTOS = YES_AGGRESSIVE;
				GCC_WARN_UNUSED_FUNCTION = YES;
				GCC_WARN_UNUSED_VARIABLE = YES;
				IPHONEOS_DEPLOYMENT_TARGET = 13.5;
				MTL_ENABLE_DEBUG_INFO = INCLUDE_SOURCE;
				MTL_FAST_MATH = YES;
				ONLY_ACTIVE_ARCH = YES;
				SDKROOT = iphoneos;
				SWIFT_ACTIVE_COMPILATION_CONDITIONS = DEBUG;
				SWIFT_OPTIMIZATION_LEVEL = "-Onone";
			};
			name = Debug;
		};
		DDD94A38247E3E74003C1D4D /* Release */ = {
			isa = XCBuildConfiguration;
			buildSettings = {
				ALWAYS_SEARCH_USER_PATHS = NO;
				CLANG_ANALYZER_NONNULL = YES;
				CLANG_ANALYZER_NUMBER_OBJECT_CONVERSION = YES_AGGRESSIVE;
				CLANG_CXX_LANGUAGE_STANDARD = "gnu++14";
				CLANG_CXX_LIBRARY = "libc++";
				CLANG_ENABLE_MODULES = YES;
				CLANG_ENABLE_OBJC_ARC = YES;
				CLANG_ENABLE_OBJC_WEAK = YES;
				CLANG_WARN_BLOCK_CAPTURE_AUTORELEASING = YES;
				CLANG_WARN_BOOL_CONVERSION = YES;
				CLANG_WARN_COMMA = YES;
				CLANG_WARN_CONSTANT_CONVERSION = YES;
				CLANG_WARN_DEPRECATED_OBJC_IMPLEMENTATIONS = YES;
				CLANG_WARN_DIRECT_OBJC_ISA_USAGE = YES_ERROR;
				CLANG_WARN_DOCUMENTATION_COMMENTS = YES;
				CLANG_WARN_EMPTY_BODY = YES;
				CLANG_WARN_ENUM_CONVERSION = YES;
				CLANG_WARN_INFINITE_RECURSION = YES;
				CLANG_WARN_INT_CONVERSION = YES;
				CLANG_WARN_NON_LITERAL_NULL_CONVERSION = YES;
				CLANG_WARN_OBJC_IMPLICIT_RETAIN_SELF = YES;
				CLANG_WARN_OBJC_LITERAL_CONVERSION = YES;
				CLANG_WARN_OBJC_ROOT_CLASS = YES_ERROR;
				CLANG_WARN_RANGE_LOOP_ANALYSIS = YES;
				CLANG_WARN_STRICT_PROTOTYPES = YES;
				CLANG_WARN_SUSPICIOUS_MOVE = YES;
				CLANG_WARN_UNGUARDED_AVAILABILITY = YES_AGGRESSIVE;
				CLANG_WARN_UNREACHABLE_CODE = YES;
				CLANG_WARN__DUPLICATE_METHOD_MATCH = YES;
				COPY_PHASE_STRIP = NO;
				DEBUG_INFORMATION_FORMAT = "dwarf-with-dsym";
				ENABLE_NS_ASSERTIONS = NO;
				ENABLE_STRICT_OBJC_MSGSEND = YES;
				GCC_C_LANGUAGE_STANDARD = gnu11;
				GCC_NO_COMMON_BLOCKS = YES;
				GCC_WARN_64_TO_32_BIT_CONVERSION = YES;
				GCC_WARN_ABOUT_RETURN_TYPE = YES_ERROR;
				GCC_WARN_UNDECLARED_SELECTOR = YES;
				GCC_WARN_UNINITIALIZED_AUTOS = YES_AGGRESSIVE;
				GCC_WARN_UNUSED_FUNCTION = YES;
				GCC_WARN_UNUSED_VARIABLE = YES;
				IPHONEOS_DEPLOYMENT_TARGET = 13.5;
				MTL_ENABLE_DEBUG_INFO = NO;
				MTL_FAST_MATH = YES;
				SDKROOT = iphoneos;
				SWIFT_COMPILATION_MODE = wholemodule;
				SWIFT_OPTIMIZATION_LEVEL = "-O";
				VALIDATE_PRODUCT = YES;
			};
			name = Release;
		};
		DDD94A3A247E3E74003C1D4D /* Debug */ = {
			isa = XCBuildConfiguration;
			baseConfigurationReference = 5F2E85A3AAE9B80178AB39C6 /* Pods-RealmNote.debug.xcconfig */;
			buildSettings = {
				ASSETCATALOG_COMPILER_APPICON_NAME = AppIcon;
				CODE_SIGN_STYLE = Automatic;
				DEVELOPMENT_TEAM = 4Z5AGKU435;
				INFOPLIST_FILE = RealmNote/Info.plist;
				IPHONEOS_DEPLOYMENT_TARGET = 13.0;
				LD_RUNPATH_SEARCH_PATHS = (
					"$(inherited)",
					"@executable_path/Frameworks",
				);
				PRODUCT_BUNDLE_IDENTIFIER = jiwooban.RealmNote;
				PRODUCT_NAME = "$(TARGET_NAME)";
				SWIFT_VERSION = 5.0;
				TARGETED_DEVICE_FAMILY = "1,2";
			};
			name = Debug;
		};
		DDD94A3B247E3E74003C1D4D /* Release */ = {
			isa = XCBuildConfiguration;
			baseConfigurationReference = B2074C06358B83363041859B /* Pods-RealmNote.release.xcconfig */;
			buildSettings = {
				ASSETCATALOG_COMPILER_APPICON_NAME = AppIcon;
				CODE_SIGN_STYLE = Automatic;
				DEVELOPMENT_TEAM = 4Z5AGKU435;
				INFOPLIST_FILE = RealmNote/Info.plist;
				IPHONEOS_DEPLOYMENT_TARGET = 13.0;
				LD_RUNPATH_SEARCH_PATHS = (
					"$(inherited)",
					"@executable_path/Frameworks",
				);
				PRODUCT_BUNDLE_IDENTIFIER = jiwooban.RealmNote;
				PRODUCT_NAME = "$(TARGET_NAME)";
				SWIFT_VERSION = 5.0;
				TARGETED_DEVICE_FAMILY = "1,2";
			};
			name = Release;
		};
/* End XCBuildConfiguration section */

/* Begin XCConfigurationList section */
		DDD94A20247E3E71003C1D4D /* Build configuration list for PBXProject "RealmNote" */ = {
			isa = XCConfigurationList;
			buildConfigurations = (
				DDD94A37247E3E74003C1D4D /* Debug */,
				DDD94A38247E3E74003C1D4D /* Release */,
			);
			defaultConfigurationIsVisible = 0;
			defaultConfigurationName = Release;
		};
		DDD94A39247E3E74003C1D4D /* Build configuration list for PBXNativeTarget "RealmNote" */ = {
			isa = XCConfigurationList;
			buildConfigurations = (
				DDD94A3A247E3E74003C1D4D /* Debug */,
				DDD94A3B247E3E74003C1D4D /* Release */,
			);
			defaultConfigurationIsVisible = 0;
			defaultConfigurationName = Release;
		};
/* End XCConfigurationList section */
	};
	rootObject = DDD94A1D247E3E71003C1D4D /* Project object */;
}
